
Microsoft Visual Studio Solution File, Format Version 12.00
# Visual Studio 2012
Project("{FAE04EC0-301F-11D3-BF4B-00C04F79EFBC}") = "PhLevel", "PhLevel\PhLevel.csproj", "{C007EC3F-065C-409C-9F85-369E5DCB9D9F}"
EndProject
Global
	GlobalSection(SolutionConfigurationPlatforms) = preSolution
		Debug|Any CPU = Debug|Any CPU
		Release|Any CPU = Release|Any CPU
	EndGlobalSection
	GlobalSection(ProjectConfigurationPlatforms) = postSolution
		{C007EC3F-065C-409C-9F85-369E5DCB9D9F}.Debug|Any CPU.ActiveCfg = Debug|Any CPU
		{C007EC3F-065C-409C-9F85-369E5DCB9D9F}.Debug|Any CPU.Build.0 = Debug|Any CPU
		{C007EC3F-065C-409C-9F85-369E5DCB9D9F}.Release|Any CPU.ActiveCfg = Release|Any CPU
		{C007EC3F-065C-409C-9F85-369E5DCB9D9F}.Release|Any CPU.Build.0 = Release|Any CPU
	EndGlobalSection
EndGlobal
