
Microsoft Visual Studio Solution File, Format Version 12.00
# Visual Studio 2012
Project("{FAE04EC0-301F-11D3-BF4B-00C04F79EFBC}") = "MathTest", "MathTest\MathTest.csproj", "{2ADED8AD-D7DB-4C92-9201-8AFD3F15064F}"
EndProject
Global
	GlobalSection(SolutionConfigurationPlatforms) = preSolution
		Debug|Any CPU = Debug|Any CPU
		Release|Any CPU = Release|Any CPU
	EndGlobalSection
	GlobalSection(ProjectConfigurationPlatforms) = postSolution
		{2ADED8AD-D7DB-4C92-9201-8AFD3F15064F}.Debug|Any CPU.ActiveCfg = Debug|Any CPU
		{2ADED8AD-D7DB-4C92-9201-8AFD3F15064F}.Debug|Any CPU.Build.0 = Debug|Any CPU
		{2ADED8AD-D7DB-4C92-9201-8AFD3F15064F}.Release|Any CPU.ActiveCfg = Release|Any CPU
		{2ADED8AD-D7DB-4C92-9201-8AFD3F15064F}.Release|Any CPU.Build.0 = Release|Any CPU
	EndGlobalSection
EndGlobal
